// !$*UTF8*$!
{
	archiveVersion = 1;
	classes = {
	};
	objectVersion = 46;
	objects = {

/* Begin PBXBuildFile section */
		0413F6681AC57AB900759F66 /* TabBarController.swift in Sources */ = {isa = PBXBuildFile; fileRef = 0413F6671AC57AB900759F66 /* TabBarController.swift */; };
		0413F66A1AC836B700759F66 /* ListViewCell.xib in Resources */ = {isa = PBXBuildFile; fileRef = 0413F6691AC836B700759F66 /* ListViewCell.xib */; };
		0413F66C1AC8385500759F66 /* ListViewCell.swift in Sources */ = {isa = PBXBuildFile; fileRef = 0413F66B1AC8385500759F66 /* ListViewCell.swift */; };
		0413F66F1AC8467500759F66 /* RightSideMenu.xib in Resources */ = {isa = PBXBuildFile; fileRef = 0413F66E1AC8467500759F66 /* RightSideMenu.xib */; };
		0413F6711AC8835F00759F66 /* ListScreenPlusButton.swift in Sources */ = {isa = PBXBuildFile; fileRef = 0413F6701AC8835F00759F66 /* ListScreenPlusButton.swift */; };
		0413F6741AC8934200759F66 /* RightSideMenu.swift in Sources */ = {isa = PBXBuildFile; fileRef = 0413F6731AC8934200759F66 /* RightSideMenu.swift */; };
		0413F6761AC894F400759F66 /* SideMenuItem.xib in Resources */ = {isa = PBXBuildFile; fileRef = 0413F6751AC894F400759F66 /* SideMenuItem.xib */; };
		04BC32D41AC9E3C70016E349 /* MapViewController.swift in Sources */ = {isa = PBXBuildFile; fileRef = 04BC32D31AC9E3C70016E349 /* MapViewController.swift */; };
		04BC32D61AC9E4AB0016E349 /* MapKit.framework in Frameworks */ = {isa = PBXBuildFile; fileRef = 04BC32D51AC9E4AB0016E349 /* MapKit.framework */; };
		04F5A6711AC49DFE006EE93A /* AppDelegate.swift in Sources */ = {isa = PBXBuildFile; fileRef = 04F5A6701AC49DFE006EE93A /* AppDelegate.swift */; };
		04F5A6731AC49DFE006EE93A /* LoginViewController.swift in Sources */ = {isa = PBXBuildFile; fileRef = 04F5A6721AC49DFE006EE93A /* LoginViewController.swift */; };
		04F5A6761AC49DFE006EE93A /* Main.storyboard in Resources */ = {isa = PBXBuildFile; fileRef = 04F5A6741AC49DFE006EE93A /* Main.storyboard */; };
		04F5A6781AC49DFE006EE93A /* Images.xcassets in Resources */ = {isa = PBXBuildFile; fileRef = 04F5A6771AC49DFE006EE93A /* Images.xcassets */; };
		04F5A6871AC49DFE006EE93A /* clozetTests.swift in Sources */ = {isa = PBXBuildFile; fileRef = 04F5A6861AC49DFE006EE93A /* clozetTests.swift */; };
		04F5A6911AC4B11F006EE93A /* loginScreenTextFields.swift in Sources */ = {isa = PBXBuildFile; fileRef = 04F5A6901AC4B11F006EE93A /* loginScreenTextFields.swift */; };
		04F5A6981AC4BB28006EE93A /* CustomSegue.swift in Sources */ = {isa = PBXBuildFile; fileRef = 04F5A6971AC4BB28006EE93A /* CustomSegue.swift */; };
		04F5A69C1AC57933006EE93A /* ListViewController.swift in Sources */ = {isa = PBXBuildFile; fileRef = 04F5A69B1AC57933006EE93A /* ListViewController.swift */; };
/* End PBXBuildFile section */

/* Begin PBXContainerItemProxy section */
		04F5A6811AC49DFE006EE93A /* PBXContainerItemProxy */ = {
			isa = PBXContainerItemProxy;
			containerPortal = 04F5A6631AC49DFE006EE93A /* Project object */;
			proxyType = 1;
			remoteGlobalIDString = 04F5A66A1AC49DFE006EE93A;
			remoteInfo = clozet;
		};
/* End PBXContainerItemProxy section */

/* Begin PBXFileReference section */
		0413F6671AC57AB900759F66 /* TabBarController.swift */ = {isa = PBXFileReference; fileEncoding = 4; lastKnownFileType = sourcecode.swift; path = TabBarController.swift; sourceTree = "<group>"; };
		0413F6691AC836B700759F66 /* ListViewCell.xib */ = {isa = PBXFileReference; fileEncoding = 4; lastKnownFileType = file.xib; path = ListViewCell.xib; sourceTree = "<group>"; };
		0413F66B1AC8385500759F66 /* ListViewCell.swift */ = {isa = PBXFileReference; fileEncoding = 4; lastKnownFileType = sourcecode.swift; path = ListViewCell.swift; sourceTree = "<group>"; };
		0413F66E1AC8467500759F66 /* RightSideMenu.xib */ = {isa = PBXFileReference; fileEncoding = 4; lastKnownFileType = file.xib; path = RightSideMenu.xib; sourceTree = "<group>"; };
		0413F6701AC8835F00759F66 /* ListScreenPlusButton.swift */ = {isa = PBXFileReference; fileEncoding = 4; lastKnownFileType = sourcecode.swift; path = ListScreenPlusButton.swift; sourceTree = "<group>"; };
		0413F6731AC8934200759F66 /* RightSideMenu.swift */ = {isa = PBXFileReference; fileEncoding = 4; lastKnownFileType = sourcecode.swift; path = RightSideMenu.swift; sourceTree = "<group>"; };
		0413F6751AC894F400759F66 /* SideMenuItem.xib */ = {isa = PBXFileReference; fileEncoding = 4; lastKnownFileType = file.xib; path = SideMenuItem.xib; sourceTree = "<group>"; };
		04BC32D31AC9E3C70016E349 /* MapViewController.swift */ = {isa = PBXFileReference; fileEncoding = 4; lastKnownFileType = sourcecode.swift; path = MapViewController.swift; sourceTree = "<group>"; };
		04BC32D51AC9E4AB0016E349 /* MapKit.framework */ = {isa = PBXFileReference; lastKnownFileType = wrapper.framework; name = MapKit.framework; path = System/Library/Frameworks/MapKit.framework; sourceTree = SDKROOT; };
		04F5A66B1AC49DFE006EE93A /* clozet.app */ = {isa = PBXFileReference; explicitFileType = wrapper.application; includeInIndex = 0; path = clozet.app; sourceTree = BUILT_PRODUCTS_DIR; };
		04F5A66F1AC49DFE006EE93A /* Info.plist */ = {isa = PBXFileReference; lastKnownFileType = text.plist.xml; path = Info.plist; sourceTree = "<group>"; };
		04F5A6701AC49DFE006EE93A /* AppDelegate.swift */ = {isa = PBXFileReference; lastKnownFileType = sourcecode.swift; path = AppDelegate.swift; sourceTree = "<group>"; };
		04F5A6721AC49DFE006EE93A /* LoginViewController.swift */ = {isa = PBXFileReference; lastKnownFileType = sourcecode.swift; path = LoginViewController.swift; sourceTree = "<group>"; };
		04F5A6751AC49DFE006EE93A /* Base */ = {isa = PBXFileReference; lastKnownFileType = file.storyboard; name = Base; path = Base.lproj/Main.storyboard; sourceTree = "<group>"; };
		04F5A6771AC49DFE006EE93A /* Images.xcassets */ = {isa = PBXFileReference; lastKnownFileType = folder.assetcatalog; path = Images.xcassets; sourceTree = "<group>"; };
		04F5A6801AC49DFE006EE93A /* clozetTests.xctest */ = {isa = PBXFileReference; explicitFileType = wrapper.cfbundle; includeInIndex = 0; path = clozetTests.xctest; sourceTree = BUILT_PRODUCTS_DIR; };
		04F5A6851AC49DFE006EE93A /* Info.plist */ = {isa = PBXFileReference; lastKnownFileType = text.plist.xml; path = Info.plist; sourceTree = "<group>"; };
		04F5A6861AC49DFE006EE93A /* clozetTests.swift */ = {isa = PBXFileReference; lastKnownFileType = sourcecode.swift; path = clozetTests.swift; sourceTree = "<group>"; };
		04F5A6901AC4B11F006EE93A /* loginScreenTextFields.swift */ = {isa = PBXFileReference; fileEncoding = 4; lastKnownFileType = sourcecode.swift; path = loginScreenTextFields.swift; sourceTree = "<group>"; };
		04F5A6971AC4BB28006EE93A /* CustomSegue.swift */ = {isa = PBXFileReference; fileEncoding = 4; lastKnownFileType = sourcecode.swift; path = CustomSegue.swift; sourceTree = "<group>"; };
		04F5A69B1AC57933006EE93A /* ListViewController.swift */ = {isa = PBXFileReference; fileEncoding = 4; lastKnownFileType = sourcecode.swift; path = ListViewController.swift; sourceTree = "<group>"; };
/* End PBXFileReference section */

/* Begin PBXFrameworksBuildPhase section */
		04F5A6681AC49DFE006EE93A /* Frameworks */ = {
			isa = PBXFrameworksBuildPhase;
			buildActionMask = 2147483647;
			files = (
				04BC32D61AC9E4AB0016E349 /* MapKit.framework in Frameworks */,
			);
			runOnlyForDeploymentPostprocessing = 0;
		};
		04F5A67D1AC49DFE006EE93A /* Frameworks */ = {
			isa = PBXFrameworksBuildPhase;
			buildActionMask = 2147483647;
			files = (
			);
			runOnlyForDeploymentPostprocessing = 0;
		};
/* End PBXFrameworksBuildPhase section */

/* Begin PBXGroup section */
		0413F66D1AC8385E00759F66 /* ListViewCell */ = {
			isa = PBXGroup;
			children = (
				0413F66B1AC8385500759F66 /* ListViewCell.swift */,
				0413F6691AC836B700759F66 /* ListViewCell.xib */,
			);
			name = ListViewCell;
			sourceTree = "<group>";
		};
		0413F6721AC8928600759F66 /* RightSideMenu */ = {
			isa = PBXGroup;
			children = (
				0413F6751AC894F400759F66 /* SideMenuItem.xib */,
				0413F66E1AC8467500759F66 /* RightSideMenu.xib */,
				0413F6731AC8934200759F66 /* RightSideMenu.swift */,
			);
			name = RightSideMenu;
			sourceTree = "<group>";
		};
		04F5A6621AC49DFE006EE93A = {
			isa = PBXGroup;
			children = (
				04BC32D51AC9E4AB0016E349 /* MapKit.framework */,
				04F5A66D1AC49DFE006EE93A /* clozet */,
				04F5A6831AC49DFE006EE93A /* clozetTests */,
				04F5A66C1AC49DFE006EE93A /* Products */,
			);
			sourceTree = "<group>";
		};
		04F5A66C1AC49DFE006EE93A /* Products */ = {
			isa = PBXGroup;
			children = (
				04F5A66B1AC49DFE006EE93A /* clozet.app */,
				04F5A6801AC49DFE006EE93A /* clozetTests.xctest */,
			);
			name = Products;
			sourceTree = "<group>";
		};
		04F5A66D1AC49DFE006EE93A /* clozet */ = {
			isa = PBXGroup;
			children = (
				04F5A6701AC49DFE006EE93A /* AppDelegate.swift */,
				04F5A6721AC49DFE006EE93A /* LoginViewController.swift */,
				0413F6671AC57AB900759F66 /* TabBarController.swift */,
				04F5A6741AC49DFE006EE93A /* Main.storyboard */,
				04BC32D31AC9E3C70016E349 /* MapViewController.swift */,
				04F5A69B1AC57933006EE93A /* ListViewController.swift */,
				0413F66D1AC8385E00759F66 /* ListViewCell */,
				04F5A6971AC4BB28006EE93A /* CustomSegue.swift */,
				0413F6721AC8928600759F66 /* RightSideMenu */,
				04F5A6921AC4B128006EE93A /* UISubClasses */,
				04F5A6771AC49DFE006EE93A /* Images.xcassets */,
				04F5A66E1AC49DFE006EE93A /* Supporting Files */,
			);
			path = clozet;
			sourceTree = "<group>";
		};
		04F5A66E1AC49DFE006EE93A /* Supporting Files */ = {
			isa = PBXGroup;
			children = (
				04F5A66F1AC49DFE006EE93A /* Info.plist */,
			);
			name = "Supporting Files";
			sourceTree = "<group>";
		};
		04F5A6831AC49DFE006EE93A /* clozetTests */ = {
			isa = PBXGroup;
			children = (
				04F5A6861AC49DFE006EE93A /* clozetTests.swift */,
				04F5A6841AC49DFE006EE93A /* Supporting Files */,
			);
			path = clozetTests;
			sourceTree = "<group>";
		};
		04F5A6841AC49DFE006EE93A /* Supporting Files */ = {
			isa = PBXGroup;
			children = (
				04F5A6851AC49DFE006EE93A /* Info.plist */,
			);
			name = "Supporting Files";
			sourceTree = "<group>";
		};
		04F5A6921AC4B128006EE93A /* UISubClasses */ = {
			isa = PBXGroup;
			children = (
				04F5A6901AC4B11F006EE93A /* loginScreenTextFields.swift */,
				0413F6701AC8835F00759F66 /* ListScreenPlusButton.swift */,
			);
			name = UISubClasses;
			sourceTree = "<group>";
		};
/* End PBXGroup section */

/* Begin PBXNativeTarget section */
		04F5A66A1AC49DFE006EE93A /* clozet */ = {
			isa = PBXNativeTarget;
			buildConfigurationList = 04F5A68A1AC49DFE006EE93A /* Build configuration list for PBXNativeTarget "clozet" */;
			buildPhases = (
				04F5A6671AC49DFE006EE93A /* Sources */,
				04F5A6681AC49DFE006EE93A /* Frameworks */,
				04F5A6691AC49DFE006EE93A /* Resources */,
			);
			buildRules = (
			);
			dependencies = (
			);
			name = clozet;
			productName = clozet;
			productReference = 04F5A66B1AC49DFE006EE93A /* clozet.app */;
			productType = "com.apple.product-type.application";
		};
		04F5A67F1AC49DFE006EE93A /* clozetTests */ = {
			isa = PBXNativeTarget;
			buildConfigurationList = 04F5A68D1AC49DFE006EE93A /* Build configuration list for PBXNativeTarget "clozetTests" */;
			buildPhases = (
				04F5A67C1AC49DFE006EE93A /* Sources */,
				04F5A67D1AC49DFE006EE93A /* Frameworks */,
				04F5A67E1AC49DFE006EE93A /* Resources */,
			);
			buildRules = (
			);
			dependencies = (
				04F5A6821AC49DFE006EE93A /* PBXTargetDependency */,
			);
			name = clozetTests;
			productName = clozetTests;
			productReference = 04F5A6801AC49DFE006EE93A /* clozetTests.xctest */;
			productType = "com.apple.product-type.bundle.unit-test";
		};
/* End PBXNativeTarget section */

/* Begin PBXProject section */
		04F5A6631AC49DFE006EE93A /* Project object */ = {
			isa = PBXProject;
			attributes = {
				LastUpgradeCheck = 0610;
				ORGANIZATIONNAME = "Mohamed Said";
				TargetAttributes = {
					04F5A66A1AC49DFE006EE93A = {
						CreatedOnToolsVersion = 6.1.1;
					};
					04F5A67F1AC49DFE006EE93A = {
						CreatedOnToolsVersion = 6.1.1;
						TestTargetID = 04F5A66A1AC49DFE006EE93A;
					};
				};
			};
			buildConfigurationList = 04F5A6661AC49DFE006EE93A /* Build configuration list for PBXProject "clozet" */;
			compatibilityVersion = "Xcode 3.2";
			developmentRegion = English;
			hasScannedForEncodings = 0;
			knownRegions = (
				en,
				Base,
			);
			mainGroup = 04F5A6621AC49DFE006EE93A;
			productRefGroup = 04F5A66C1AC49DFE006EE93A /* Products */;
			projectDirPath = "";
			projectRoot = "";
			targets = (
				04F5A66A1AC49DFE006EE93A /* clozet */,
				04F5A67F1AC49DFE006EE93A /* clozetTests */,
			);
		};
/* End PBXProject section */

/* Begin PBXResourcesBuildPhase section */
		04F5A6691AC49DFE006EE93A /* Resources */ = {
			isa = PBXResourcesBuildPhase;
			buildActionMask = 2147483647;
			files = (
				04F5A6761AC49DFE006EE93A /* Main.storyboard in Resources */,
				04F5A6781AC49DFE006EE93A /* Images.xcassets in Resources */,
				0413F66F1AC8467500759F66 /* RightSideMenu.xib in Resources */,
				0413F66A1AC836B700759F66 /* ListViewCell.xib in Resources */,
				0413F6761AC894F400759F66 /* SideMenuItem.xib in Resources */,
			);
			runOnlyForDeploymentPostprocessing = 0;
		};
		04F5A67E1AC49DFE006EE93A /* Resources */ = {
			isa = PBXResourcesBuildPhase;
			buildActionMask = 2147483647;
			files = (
			);
			runOnlyForDeploymentPostprocessing = 0;
		};
/* End PBXResourcesBuildPhase section */

/* Begin PBXSourcesBuildPhase section */
		04F5A6671AC49DFE006EE93A /* Sources */ = {
			isa = PBXSourcesBuildPhase;
			buildActionMask = 2147483647;
			files = (
				04F5A6731AC49DFE006EE93A /* LoginViewController.swift in Sources */,
				0413F6711AC8835F00759F66 /* ListScreenPlusButton.swift in Sources */,
				04F5A6711AC49DFE006EE93A /* AppDelegate.swift in Sources */,
				04BC32D41AC9E3C70016E349 /* MapViewController.swift in Sources */,
				04F5A69C1AC57933006EE93A /* ListViewController.swift in Sources */,
				0413F6681AC57AB900759F66 /* TabBarController.swift in Sources */,
				04F5A6911AC4B11F006EE93A /* loginScreenTextFields.swift in Sources */,
				04F5A6981AC4BB28006EE93A /* CustomSegue.swift in Sources */,
				0413F66C1AC8385500759F66 /* ListViewCell.swift in Sources */,
				0413F6741AC8934200759F66 /* RightSideMenu.swift in Sources */,
			);
			runOnlyForDeploymentPostprocessing = 0;
		};
		04F5A67C1AC49DFE006EE93A /* Sources */ = {
			isa = PBXSourcesBuildPhase;
			buildActionMask = 2147483647;
			files = (
				04F5A6871AC49DFE006EE93A /* clozetTests.swift in Sources */,
			);
			runOnlyForDeploymentPostprocessing = 0;
		};
/* End PBXSourcesBuildPhase section */

/* Begin PBXTargetDependency section */
		04F5A6821AC49DFE006EE93A /* PBXTargetDependency */ = {
			isa = PBXTargetDependency;
			target = 04F5A66A1AC49DFE006EE93A /* clozet */;
			targetProxy = 04F5A6811AC49DFE006EE93A /* PBXContainerItemProxy */;
		};
/* End PBXTargetDependency section */

/* Begin PBXVariantGroup section */
		04F5A6741AC49DFE006EE93A /* Main.storyboard */ = {
			isa = PBXVariantGroup;
			children = (
				04F5A6751AC49DFE006EE93A /* Base */,
			);
			name = Main.storyboard;
			sourceTree = "<group>";
		};
/* End PBXVariantGroup section */

/* Begin XCBuildConfiguration section */
		04F5A6881AC49DFE006EE93A /* Debug */ = {
			isa = XCBuildConfiguration;
			buildSettings = {
				ALWAYS_SEARCH_USER_PATHS = NO;
				CLANG_CXX_LANGUAGE_STANDARD = "gnu++0x";
				CLANG_CXX_LIBRARY = "libc++";
				CLANG_ENABLE_MODULES = YES;
				CLANG_ENABLE_OBJC_ARC = YES;
				CLANG_WARN_BOOL_CONVERSION = YES;
				CLANG_WARN_CONSTANT_CONVERSION = YES;
				CLANG_WARN_DIRECT_OBJC_ISA_USAGE = YES_ERROR;
				CLANG_WARN_EMPTY_BODY = YES;
				CLANG_WARN_ENUM_CONVERSION = YES;
				CLANG_WARN_INT_CONVERSION = YES;
				CLANG_WARN_OBJC_ROOT_CLASS = YES_ERROR;
				CLANG_WARN_UNREACHABLE_CODE = YES;
				CLANG_WARN__DUPLICATE_METHOD_MATCH = YES;
				"CODE_SIGN_IDENTITY[sdk=iphoneos*]" = "iPhone Developer";
				COPY_PHASE_STRIP = NO;
				ENABLE_STRICT_OBJC_MSGSEND = YES;
				GCC_C_LANGUAGE_STANDARD = gnu99;
				GCC_DYNAMIC_NO_PIC = NO;
				GCC_OPTIMIZATION_LEVEL = 0;
				GCC_PREPROCESSOR_DEFINITIONS = (
					"DEBUG=1",
					"$(inherited)",
				);
				GCC_SYMBOLS_PRIVATE_EXTERN = NO;
				GCC_WARN_64_TO_32_BIT_CONVERSION = YES;
				GCC_WARN_ABOUT_RETURN_TYPE = YES_ERROR;
				GCC_WARN_UNDECLARED_SELECTOR = YES;
				GCC_WARN_UNINITIALIZED_AUTOS = YES_AGGRESSIVE;
				GCC_WARN_UNUSED_FUNCTION = YES;
				GCC_WARN_UNUSED_VARIABLE = YES;
				IPHONEOS_DEPLOYMENT_TARGET = 8.1;
				MTL_ENABLE_DEBUG_INFO = YES;
				ONLY_ACTIVE_ARCH = YES;
				SDKROOT = iphoneos;
				SWIFT_OPTIMIZATION_LEVEL = "-Onone";
			};
			name = Debug;
		};
		04F5A6891AC49DFE006EE93A /* Release */ = {
			isa = XCBuildConfiguration;
			buildSettings = {
				ALWAYS_SEARCH_USER_PATHS = NO;
				CLANG_CXX_LANGUAGE_STANDARD = "gnu++0x";
				CLANG_CXX_LIBRARY = "libc++";
				CLANG_ENABLE_MODULES = YES;
				CLANG_ENABLE_OBJC_ARC = YES;
				CLANG_WARN_BOOL_CONVERSION = YES;
				CLANG_WARN_CONSTANT_CONVERSION = YES;
				CLANG_WARN_DIRECT_OBJC_ISA_USAGE = YES_ERROR;
				CLANG_WARN_EMPTY_BODY = YES;
				CLANG_WARN_ENUM_CONVERSION = YES;
				CLANG_WARN_INT_CONVERSION = YES;
				CLANG_WARN_OBJC_ROOT_CLASS = YES_ERROR;
				CLANG_WARN_UNREACHABLE_CODE = YES;
				CLANG_WARN__DUPLICATE_METHOD_MATCH = YES;
				"CODE_SIGN_IDENTITY[sdk=iphoneos*]" = "iPhone Developer";
				COPY_PHASE_STRIP = YES;
				ENABLE_NS_ASSERTIONS = NO;
				ENABLE_STRICT_OBJC_MSGSEND = YES;
				GCC_C_LANGUAGE_STANDARD = gnu99;
				GCC_WARN_64_TO_32_BIT_CONVERSION = YES;
				GCC_WARN_ABOUT_RETURN_TYPE = YES_ERROR;
				GCC_WARN_UNDECLARED_SELECTOR = YES;
				GCC_WARN_UNINITIALIZED_AUTOS = YES_AGGRESSIVE;
				GCC_WARN_UNUSED_FUNCTION = YES;
				GCC_WARN_UNUSED_VARIABLE = YES;
				IPHONEOS_DEPLOYMENT_TARGET = 8.1;
				MTL_ENABLE_DEBUG_INFO = NO;
				SDKROOT = iphoneos;
				VALIDATE_PRODUCT = YES;
			};
			name = Release;
		};
		04F5A68B1AC49DFE006EE93A /* Debug */ = {
			isa = XCBuildConfiguration;
			buildSettings = {
				ASSETCATALOG_COMPILER_APPICON_NAME = AppIcon;
				INFOPLIST_FILE = clozet/Info.plist;
				LD_RUNPATH_SEARCH_PATHS = "$(inherited) @executable_path/Frameworks";
				PRODUCT_NAME = "$(TARGET_NAME)";
			};
			name = Debug;
		};
		04F5A68C1AC49DFE006EE93A /* Release */ = {
			isa = XCBuildConfiguration;
			buildSettings = {
				ASSETCATALOG_COMPILER_APPICON_NAME = AppIcon;
				INFOPLIST_FILE = clozet/Info.plist;
				LD_RUNPATH_SEARCH_PATHS = "$(inherited) @executable_path/Frameworks";
				PRODUCT_NAME = "$(TARGET_NAME)";
			};
			name = Release;
		};
		04F5A68E1AC49DFE006EE93A /* Debug */ = {
			isa = XCBuildConfiguration;
			buildSettings = {
				BUNDLE_LOADER = "$(TEST_HOST)";
				FRAMEWORK_SEARCH_PATHS = (
					"$(SDKROOT)/Developer/Library/Frameworks",
					"$(inherited)",
				);
				GCC_PREPROCESSOR_DEFINITIONS = (
					"DEBUG=1",
					"$(inherited)",
				);
				INFOPLIST_FILE = clozetTests/Info.plist;
				LD_RUNPATH_SEARCH_PATHS = "$(inherited) @executable_path/Frameworks @loader_path/Frameworks";
				PRODUCT_NAME = "$(TARGET_NAME)";
				TEST_HOST = "$(BUILT_PRODUCTS_DIR)/clozet.app/clozet";
			};
			name = Debug;
		};
		04F5A68F1AC49DFE006EE93A /* Release */ = {
			isa = XCBuildConfiguration;
			buildSettings = {
				BUNDLE_LOADER = "$(TEST_HOST)";
				FRAMEWORK_SEARCH_PATHS = (
					"$(SDKROOT)/Developer/Library/Frameworks",
					"$(inherited)",
				);
				INFOPLIST_FILE = clozetTests/Info.plist;
				LD_RUNPATH_SEARCH_PATHS = "$(inherited) @executable_path/Frameworks @loader_path/Frameworks";
				PRODUCT_NAME = "$(TARGET_NAME)";
				TEST_HOST = "$(BUILT_PRODUCTS_DIR)/clozet.app/clozet";
			};
			name = Release;
		};
/* End XCBuildConfiguration section */

/* Begin XCConfigurationList section */
		04F5A6661AC49DFE006EE93A /* Build configuration list for PBXProject "clozet" */ = {
			isa = XCConfigurationList;
			buildConfigurations = (
				04F5A6881AC49DFE006EE93A /* Debug */,
				04F5A6891AC49DFE006EE93A /* Release */,
			);
			defaultConfigurationIsVisible = 0;
			defaultConfigurationName = Release;
		};
		04F5A68A1AC49DFE006EE93A /* Build configuration list for PBXNativeTarget "clozet" */ = {
			isa = XCConfigurationList;
			buildConfigurations = (
				04F5A68B1AC49DFE006EE93A /* Debug */,
				04F5A68C1AC49DFE006EE93A /* Release */,
			);
			defaultConfigurationIsVisible = 0;
			defaultConfigurationName = Release;
		};
		04F5A68D1AC49DFE006EE93A /* Build configuration list for PBXNativeTarget "clozetTests" */ = {
			isa = XCConfigurationList;
			buildConfigurations = (
				04F5A68E1AC49DFE006EE93A /* Debug */,
				04F5A68F1AC49DFE006EE93A /* Release */,
			);
			defaultConfigurationIsVisible = 0;
			defaultConfigurationName = Release;
		};
/* End XCConfigurationList section */
	};
	rootObject = 04F5A6631AC49DFE006EE93A /* Project object */;
}
